<Solution>
  <Project Path="ProjectMgmt.Contracts/ProjectMgmt.Contracts.csproj" />
  <Project Path="ProjectMgmt.Core/ProjectMgmt.Core.csproj" />
  <Project Path="ProjectMgmt.Modules.DeliveryIntelligence/ProjectMgmt.Modules.DeliveryIntelligence.csproj" />
  <Project Path="ProjectMgmt.Modules.IdentityExperience/ProjectMgmt.Modules.IdentityExperience.csproj" />
  <Project Path="ProjectMgmt.Modules.Planning/ProjectMgmt.Modules.Planning.csproj" />
  <Project Path="ProjectMgmt.Solution/ProjectMgmt.Solution.csproj" />
  <Project Path="ProjectMgmt.Tests/ProjectMgmt.Tests.csproj" />
</Solution>
